
Microsoft Visual Studio Solution File, Format Version 12.00
# Visual Studio Version 17
VisualStudioVersion = 17.11.35312.102
MinimumVisualStudioVersion = 10.0.40219.1
Project("{FAE04EC0-301F-11D3-BF4B-00C04F79EFBC}") = "ClassLibraryKhasanovUP", "ClassLibraryKhasanovUP.csproj", "{3EBA732D-B079-49A5-974C-2A51E9CFD051}"
EndProject
Global
	GlobalSection(SolutionConfigurationPlatforms) = preSolution
		Debug|Any CPU = Debug|Any CPU
		Release|Any CPU = Release|Any CPU
	EndGlobalSection
	GlobalSection(ProjectConfigurationPlatforms) = postSolution
		{3EBA732D-B079-49A5-974C-2A51E9CFD051}.Debug|Any CPU.ActiveCfg = Debug|Any CPU
		{3EBA732D-B079-49A5-974C-2A51E9CFD051}.Debug|Any CPU.Build.0 = Debug|Any CPU
		{3EBA732D-B079-49A5-974C-2A51E9CFD051}.Release|Any CPU.ActiveCfg = Release|Any CPU
		{3EBA732D-B079-49A5-974C-2A51E9CFD051}.Release|Any CPU.Build.0 = Release|Any CPU
	EndGlobalSection
	GlobalSection(SolutionProperties) = preSolution
		HideSolutionNode = FALSE
	EndGlobalSection
	GlobalSection(ExtensibilityGlobals) = postSolution
		SolutionGuid = {A8397935-FBD7-44D1-9DC2-81F5ADA08650}
	EndGlobalSection
EndGlobal
